<?xml version="1.0" encoding="utf-8"?>
<Project ToolsVersion="4.0" xmlns="http://schemas.microsoft.com/developer/msbuild/2003">
  <ItemGroup>
    <ClCompile Include="ParticleEngine.cpp" />
    <ClCompile Include="CopyToTextureD3D11.cpp" />
  </ItemGroup>
  <ItemGroup>
    <ClInclude Include="ParticleEngine.h" />
    <ClInclude Include="Vector_ispc.h" />
    <ClInclude Include="Vector.h" />
  </ItemGroup>
  <ItemGroup>
    <CustomBuild Include="ParticleCore.ispc" />
  </ItemGroup>
</Project>